
Microsoft Visual Studio Solution File, Format Version 12.00
# Visual Studio Version 16
VisualStudioVersion = 16.0.31424.327
MinimumVisualStudioVersion = 10.0.40219.1
Project("{9A19103F-16F7-4668-BE54-9A1E7A4F7556}") = "VA.API", "VA.API\VA.API.csproj", "{76E1F5CC-C969-41CD-A5D1-9C60AEEBB546}"
EndProject
Project("{FAE04EC0-301F-11D3-BF4B-00C04F79EFBC}") = "VA.Infrastructure", "VA.Infrastructure\VA.Infrastructure.csproj", "{8D3906F6-728C-4F1E-8F20-0896AB656923}"
EndProject
Project("{FAE04EC0-301F-11D3-BF4B-00C04F79EFBC}") = "VA.Application", "VA.Application\VA.Application.csproj", "{B2DFB815-5FDC-4605-AD9E-C3876F5F6FBC}"
EndProject
Project("{FAE04EC0-301F-11D3-BF4B-00C04F79EFBC}") = "VA.Domain", "VA.Domain\VA.Domain.csproj", "{7EFE3A40-1514-484E-A5E1-59D407933A87}"
EndProject
Global
	GlobalSection(SolutionConfigurationPlatforms) = preSolution
		Debug|Any CPU = Debug|Any CPU
		Release|Any CPU = Release|Any CPU
	EndGlobalSection
	GlobalSection(ProjectConfigurationPlatforms) = postSolution
		{76E1F5CC-C969-41CD-A5D1-9C60AEEBB546}.Debug|Any CPU.ActiveCfg = Debug|Any CPU
		{76E1F5CC-C969-41CD-A5D1-9C60AEEBB546}.Debug|Any CPU.Build.0 = Debug|Any CPU
		{76E1F5CC-C969-41CD-A5D1-9C60AEEBB546}.Release|Any CPU.ActiveCfg = Release|Any CPU
		{76E1F5CC-C969-41CD-A5D1-9C60AEEBB546}.Release|Any CPU.Build.0 = Release|Any CPU
		{8D3906F6-728C-4F1E-8F20-0896AB656923}.Debug|Any CPU.ActiveCfg = Debug|Any CPU
		{8D3906F6-728C-4F1E-8F20-0896AB656923}.Debug|Any CPU.Build.0 = Debug|Any CPU
		{8D3906F6-728C-4F1E-8F20-0896AB656923}.Release|Any CPU.ActiveCfg = Release|Any CPU
		{8D3906F6-728C-4F1E-8F20-0896AB656923}.Release|Any CPU.Build.0 = Release|Any CPU
		{B2DFB815-5FDC-4605-AD9E-C3876F5F6FBC}.Debug|Any CPU.ActiveCfg = Debug|Any CPU
		{B2DFB815-5FDC-4605-AD9E-C3876F5F6FBC}.Debug|Any CPU.Build.0 = Debug|Any CPU
		{B2DFB815-5FDC-4605-AD9E-C3876F5F6FBC}.Release|Any CPU.ActiveCfg = Release|Any CPU
		{B2DFB815-5FDC-4605-AD9E-C3876F5F6FBC}.Release|Any CPU.Build.0 = Release|Any CPU
		{7EFE3A40-1514-484E-A5E1-59D407933A87}.Debug|Any CPU.ActiveCfg = Debug|Any CPU
		{7EFE3A40-1514-484E-A5E1-59D407933A87}.Debug|Any CPU.Build.0 = Debug|Any CPU
		{7EFE3A40-1514-484E-A5E1-59D407933A87}.Release|Any CPU.ActiveCfg = Release|Any CPU
		{7EFE3A40-1514-484E-A5E1-59D407933A87}.Release|Any CPU.Build.0 = Release|Any CPU
	EndGlobalSection
	GlobalSection(SolutionProperties) = preSolution
		HideSolutionNode = FALSE
	EndGlobalSection
	GlobalSection(ExtensibilityGlobals) = postSolution
		SolutionGuid = {555CDDDE-F32E-48B1-9073-1C2CC4B2B090}
	EndGlobalSection
EndGlobal
